<?xml version="1.0" encoding="utf-8"?>
<Project ToolsVersion="4.0" xmlns="http://schemas.microsoft.com/developer/msbuild/2003">
  <ItemGroup>
    <Filter Include="Source Files">
      <UniqueIdentifier>{4FC737F1-C7A5-4376-A066-2A32D752A2FF}</UniqueIdentifier>
      <Extensions>cpp;c;cc;cxx;def;odl;idl;hpj;bat;asm;asmx</Extensions>
    </Filter>
    <Filter Include="Header Files">
      <UniqueIdentifier>{93995380-89BD-4b04-88EB-625FBE52EBFB}</UniqueIdentifier>
      <Extensions>h;hpp;hxx;hm;inl;inc;xsd</Extensions>
    </Filter>
    <Filter Include="Resource Files">
      <UniqueIdentifier>{67DA6AB6-F800-4c08-8B7A-83BB121AAD01}</UniqueIdentifier>
      <Extensions>rc;ico;cur;bmp;dlg;rc2;rct;bin;rgs;gif;jpg;jpeg;jpe;resx;tiff;tif;png;wav;mfcribbon-ms</Extensions>
    </Filter>
    <Filter Include="Source Files\win32">
      <UniqueIdentifier>{710184f9-769d-42f8-a7c2-3704a4a5b19c}</UniqueIdentifier>
    </Filter>
    <Filter Include="Header Files\win32">
      <UniqueIdentifier>{46ec478c-7ff1-4908-bd96-84fd16c56f9b}</UniqueIdentifier>
    </Filter>
  </ItemGroup>
  <ItemGroup>
    <ClCompile Include="..\d_dehtbl.cpp">
      <Filter>Source Files</Filter>
    </ClCompile>
    <ClCompile Include="..\d_io.cpp">
      <Filter>Source Files</Filter>
    </ClCompile>
    <ClCompile Include="..\e_hash.cpp">
      <Filter>Source Files</Filter>
    </ClCompile>
    <ClCompile Include="..\e_rtti.cpp">
      <Filter>Source Files</Filter>
    </ClCompile>
    <ClCompile Include="..\m_argv.cpp">
      <Filter>Source Files</Filter>
    </ClCompile>
    <ClCompile Include="..\m_buffer.cpp">
      <Filter>Source Files</Filter>
    </ClCompile>
    <ClCompile Include="..\m_fcvt.cpp">
      <Filter>Source Files</Filter>
    </ClCompile>
    <ClCompile Include="..\m_misc.cpp">
      <Filter>Source Files</Filter>
    </ClCompile>
    <ClCompile Include="..\m_qstr.cpp">
      <Filter>Source Files</Filter>
    </ClCompile>
    <ClCompile Include="..\m_strcasestr.cpp">
      <Filter>Source Files</Filter>
    </ClCompile>
    <ClCompile Include="..\main.cpp">
      <Filter>Source Files</Filter>
    </ClCompile>
    <ClCompile Include="..\metaapi.cpp">
      <Filter>Source Files</Filter>
    </ClCompile>
    <ClCompile Include="..\metaqstring.cpp">
      <Filter>Source Files</Filter>
    </ClCompile>
    <ClCompile Include="..\psnprntf.cpp">
      <Filter>Source Files</Filter>
    </ClCompile>
    <ClCompile Include="..\tables.cpp">
      <Filter>Source Files</Filter>
    </ClCompile>
    <ClCompile Include="..\w_formats.cpp">
      <Filter>Source Files</Filter>
    </ClCompile>
    <ClCompile Include="..\w_wad.cpp">
      <Filter>Source Files</Filter>
    </ClCompile>
    <ClCompile Include="..\w_zip.cpp">
      <Filter>Source Files</Filter>
    </ClCompile>
    <ClCompile Include="..\z_native.cpp">
      <Filter>Source Files</Filter>
    </ClCompile>
    <ClCompile Include="..\i_system.cpp">
      <Filter>Source Files</Filter>
    </ClCompile>
    <ClCompile Include="..\d_wads.cpp">
      <Filter>Source Files</Filter>
    </ClCompile>
    <ClCompile Include="..\v_psx.cpp">
      <Filter>Source Files</Filter>
    </ClCompile>
    <ClCompile Include="..\zip_write.cpp">
      <Filter>Source Files</Filter>
    </ClCompile>
    <ClCompile Include="..\s_sfxgen.cpp">
      <Filter>Source Files</Filter>
    </ClCompile>
    <ClCompile Include="..\s_sounds.cpp">
      <Filter>Source Files</Filter>
    </ClCompile>
    <ClCompile Include="..\win32\i_opndir.cpp">
      <Filter>Source Files\win32</Filter>
    </ClCompile>
    <ClCompile Include="..\v_loading.cpp">
      <Filter>Source Files</Filter>
    </ClCompile>
    <ClCompile Include="..\d_scripts.cpp">
      <Filter>Source Files</Filter>
    </ClCompile>
  </ItemGroup>
  <ItemGroup>
    <ClInclude Include="..\autopalette.h">
      <Filter>Header Files</Filter>
    </ClInclude>
    <ClInclude Include="..\d_dehtbl.h">
      <Filter>Header Files</Filter>
    </ClInclude>
    <ClInclude Include="..\d_dwfile.h">
      <Filter>Header Files</Filter>
    </ClInclude>
    <ClInclude Include="..\d_io.h">
      <Filter>Header Files</Filter>
    </ClInclude>
    <ClInclude Include="..\d_keywds.h">
      <Filter>Header Files</Filter>
    </ClInclude>
    <ClInclude Include="..\doomtype.h">
      <Filter>Header Files</Filter>
    </ClInclude>
    <ClInclude Include="..\e_hash.h">
      <Filter>Header Files</Filter>
    </ClInclude>
    <ClInclude Include="..\e_hashkeys.h">
      <Filter>Header Files</Filter>
    </ClInclude>
    <ClInclude Include="..\e_rtti.h">
      <Filter>Header Files</Filter>
    </ClInclude>
    <ClInclude Include="..\i_opndir.h">
      <Filter>Header Files</Filter>
    </ClInclude>
    <ClInclude Include="..\m_argv.h">
      <Filter>Header Files</Filter>
    </ClInclude>
    <ClInclude Include="..\m_buffer.h">
      <Filter>Header Files</Filter>
    </ClInclude>
    <ClInclude Include="..\m_collection.h">
      <Filter>Header Files</Filter>
    </ClInclude>
    <ClInclude Include="..\m_compare.h">
      <Filter>Header Files</Filter>
    </ClInclude>
    <ClInclude Include="..\m_ctype.h">
      <Filter>Header Files</Filter>
    </ClInclude>
    <ClInclude Include="..\m_dllist.h">
      <Filter>Header Files</Filter>
    </ClInclude>
    <ClInclude Include="..\m_fcvt.h">
      <Filter>Header Files</Filter>
    </ClInclude>
    <ClInclude Include="..\m_fixed.h">
      <Filter>Header Files</Filter>
    </ClInclude>
    <ClInclude Include="..\m_misc.h">
      <Filter>Header Files</Filter>
    </ClInclude>
    <ClInclude Include="..\m_qstr.h">
      <Filter>Header Files</Filter>
    </ClInclude>
    <ClInclude Include="..\m_qstrkeys.h">
      <Filter>Header Files</Filter>
    </ClInclude>
    <ClInclude Include="..\m_strcasestr.h">
      <Filter>Header Files</Filter>
    </ClInclude>
    <ClInclude Include="..\m_structio.h">
      <Filter>Header Files</Filter>
    </ClInclude>
    <ClInclude Include="..\m_swap.h">
      <Filter>Header Files</Filter>
    </ClInclude>
    <ClInclude Include="..\metaadapter.h">
      <Filter>Header Files</Filter>
    </ClInclude>
    <ClInclude Include="..\metaapi.h">
      <Filter>Header Files</Filter>
    </ClInclude>
    <ClInclude Include="..\metaqstring.h">
      <Filter>Header Files</Filter>
    </ClInclude>
    <ClInclude Include="..\psnprntf.h">
      <Filter>Header Files</Filter>
    </ClInclude>
    <ClInclude Include="..\r_patch.h">
      <Filter>Header Files</Filter>
    </ClInclude>
    <ClInclude Include="..\tables.h">
      <Filter>Header Files</Filter>
    </ClInclude>
    <ClInclude Include="..\w_formats.h">
      <Filter>Header Files</Filter>
    </ClInclude>
    <ClInclude Include="..\w_iterator.h">
      <Filter>Header Files</Filter>
    </ClInclude>
    <ClInclude Include="..\w_wad.h">
      <Filter>Header Files</Filter>
    </ClInclude>
    <ClInclude Include="..\w_zip.h">
      <Filter>Header Files</Filter>
    </ClInclude>
    <ClInclude Include="..\z_auto.h">
      <Filter>Header Files</Filter>
    </ClInclude>
    <ClInclude Include="..\z_zone.h">
      <Filter>Header Files</Filter>
    </ClInclude>
    <ClInclude Include="..\i_system.h">
      <Filter>Header Files</Filter>
    </ClInclude>
    <ClInclude Include="..\d_wads.h">
      <Filter>Header Files</Filter>
    </ClInclude>
    <ClInclude Include="..\v_psx.h">
      <Filter>Header Files</Filter>
    </ClInclude>
    <ClInclude Include="..\zip_write.h">
      <Filter>Header Files</Filter>
    </ClInclude>
    <ClInclude Include="..\s_sfxgen.h">
      <Filter>Header Files</Filter>
    </ClInclude>
    <ClInclude Include="..\s_sounds.h">
      <Filter>Header Files</Filter>
    </ClInclude>
    <ClInclude Include="..\win32\inttypes.h">
      <Filter>Header Files\win32</Filter>
    </ClInclude>
    <ClInclude Include="..\win32\stdint.h">
      <Filter>Header Files\win32</Filter>
    </ClInclude>
    <ClInclude Include="..\v_loading.h">
      <Filter>Header Files</Filter>
    </ClInclude>
    <ClInclude Include="..\m_binary.h">
      <Filter>Header Files</Filter>
    </ClInclude>
    <ClInclude Include="..\d_scripts.h">
      <Filter>Header Files</Filter>
    </ClInclude>
    <ClInclude Include="..\main.h">
      <Filter>Header Files</Filter>
    </ClInclude>
  </ItemGroup>
</Project>